
Microsoft Visual Studio Solution File, Format Version 12.00
# Visual Studio Version 17
VisualStudioVersion = 17.8.34330.188
MinimumVisualStudioVersion = 10.0.40219.1
Project("{9A19103F-16F7-4668-BE54-9A1E7A4F7556}") = "myAPI", "myAPI\myAPI.csproj", "{87D02595-DE6E-4A68-846E-C45104D8905F}"
EndProject
Project("{FAE04EC0-301F-11D3-BF4B-00C04F79EFBC}") = "DataAccessLayer", "DataAccessLayer\DataAccessLayer.csproj", "{97E37E1A-99E4-4EC0-BAF3-5AFF2B1A148E}"
EndProject
Project("{FAE04EC0-301F-11D3-BF4B-00C04F79EFBC}") = "BusinessLogicLayer", "BusinessLogicLayer\BusinessLogicLayer.csproj", "{67BCE467-A96D-4A0E-9A53-AA156198C838}"
EndProject
Global
	GlobalSection(SolutionConfigurationPlatforms) = preSolution
		Debug|Any CPU = Debug|Any CPU
		Release|Any CPU = Release|Any CPU
	EndGlobalSection
	GlobalSection(ProjectConfigurationPlatforms) = postSolution
		{87D02595-DE6E-4A68-846E-C45104D8905F}.Debug|Any CPU.ActiveCfg = Debug|Any CPU
		{87D02595-DE6E-4A68-846E-C45104D8905F}.Debug|Any CPU.Build.0 = Debug|Any CPU
		{87D02595-DE6E-4A68-846E-C45104D8905F}.Release|Any CPU.ActiveCfg = Release|Any CPU
		{87D02595-DE6E-4A68-846E-C45104D8905F}.Release|Any CPU.Build.0 = Release|Any CPU
		{97E37E1A-99E4-4EC0-BAF3-5AFF2B1A148E}.Debug|Any CPU.ActiveCfg = Debug|Any CPU
		{97E37E1A-99E4-4EC0-BAF3-5AFF2B1A148E}.Debug|Any CPU.Build.0 = Debug|Any CPU
		{97E37E1A-99E4-4EC0-BAF3-5AFF2B1A148E}.Release|Any CPU.ActiveCfg = Release|Any CPU
		{97E37E1A-99E4-4EC0-BAF3-5AFF2B1A148E}.Release|Any CPU.Build.0 = Release|Any CPU
		{67BCE467-A96D-4A0E-9A53-AA156198C838}.Debug|Any CPU.ActiveCfg = Debug|Any CPU
		{67BCE467-A96D-4A0E-9A53-AA156198C838}.Debug|Any CPU.Build.0 = Debug|Any CPU
		{67BCE467-A96D-4A0E-9A53-AA156198C838}.Release|Any CPU.ActiveCfg = Release|Any CPU
		{67BCE467-A96D-4A0E-9A53-AA156198C838}.Release|Any CPU.Build.0 = Release|Any CPU
	EndGlobalSection
	GlobalSection(SolutionProperties) = preSolution
		HideSolutionNode = FALSE
	EndGlobalSection
	GlobalSection(ExtensibilityGlobals) = postSolution
		SolutionGuid = {0D9085C7-35D4-4805-828D-351EEB74588E}
	EndGlobalSection
EndGlobal
